PODS:
  - Alamofire (4.7.2)
  - AlgoliaSearch-Client-Swift (5.1.7)
  - BTNavigationDropdownMenu (0.4.1)
  - DropDown (2.3.2)
  - Floaty (4.0.1)
  - ImageSlideshow (1.5.3):
    - ImageSlideshow/Core (= 1.5.3)
  - ImageSlideshow/Core (1.5.3)
  - ImageSlideshow/SDWebImage (1.5.3):
    - ImageSlideshow/Core
    - SDWebImage (< 5.0, >= 3.7)
  - JSONModel (1.7.0)
  - NVActivityIndicatorView (4.2.1):
    - NVActivityIndicatorView/Presenter (= 4.2.1)
  - NVActivityIndicatorView/Presenter (4.2.1)
  - Realm (3.5.0):
    - Realm/Headers (= 3.5.0)
  - Realm/Headers (3.5.0)
  - RealmSwift (3.5.0):
    - Realm (= 3.5.0)
  - SDWebImage (4.3.3):
    - SDWebImage/Core (= 4.3.3)
  - SDWebImage/Core (4.3.3)
  - SlideMenuControllerSwift (4.0.0)
  - SwiftyJSON (4.1.0)
  - Toast-Swift (3.0.1)

DEPENDENCIES:
  - Alamofire
  - AlgoliaSearch-Client-Swift
  - BTNavigationDropdownMenu (from `https://github.com/zkrige/BTNavigationDropdownMenu.git`)
  - DropDown
  - Floaty
  - ImageSlideshow
  - ImageSlideshow/SDWebImage
  - JSONModel
  - NVActivityIndicatorView
  - RealmSwift
  - SlideMenuControllerSwift
  - SwiftyJSON (~> 4.0)
  - Toast-Swift (~> 3.0.1)

SPEC REPOS:
  https://github.com/cocoapods/specs.git:
    - Alamofire
    - AlgoliaSearch-Client-Swift
    - DropDown
    - Floaty
    - ImageSlideshow
    - JSONModel
    - NVActivityIndicatorView
    - Realm
    - RealmSwift
    - SDWebImage
    - SlideMenuControllerSwift
    - SwiftyJSON
    - Toast-Swift

EXTERNAL SOURCES:
  BTNavigationDropdownMenu:
    :git: https://github.com/zkrige/BTNavigationDropdownMenu.git

CHECKOUT OPTIONS:
  BTNavigationDropdownMenu:
    :commit: 0e1bd3a84079f1bdec8bffc4db0f383bd9ee7523
    :git: https://github.com/zkrige/BTNavigationDropdownMenu.git

SPEC CHECKSUMS:
  Alamofire: e4fa87002c137ba2d8d634d2c51fabcda0d5c223
  AlgoliaSearch-Client-Swift: 13f8abe012615ed3ccc35dc61ce0401a191be0ff
  BTNavigationDropdownMenu: 4a88996ad514f2feff98481eb2d6a5cb7520f76c
  DropDown: 7f87abecc28f9b4edad810fe1211c5c018c257e5
  Floaty: 82854e1a5ef4fa208281ebd4da2f3d1e51ba67a6
  ImageSlideshow: 24a1184909f589379ba2527ebcc77996881bb1f2
  JSONModel: 840bc0fcffb24b8454d2c026bf26fea454b8e98d
  NVActivityIndicatorView: 8068ba3ad39cb44cbaab25d89ff2546b3f092681
  Realm: 0378021c424e4e2bd6a0e63b27881e929d9b9ad1
  RealmSwift: 3322562622fda2ad596985ead4d8d8be30cf838c
  SDWebImage: de4d90b5bff3571eae7bd16202b1f43135409fa5
  SlideMenuControllerSwift: 021d6318201c53d4d4d3710517d43d6c556c7dd0
  SwiftyJSON: c29297daf073d2aa016295d5809cdd68045c39b3
  Toast-Swift: ba0b01b095aada709d915f9beb1d38184a2721c3

PODFILE CHECKSUM: a5c4130f002021528d2783d71876e28599d105e0

COCOAPODS: 1.5.3
